
Microsoft Visual Studio Solution File, Format Version 12.00
# Visual Studio Version 17
VisualStudioVersion = 17.6.33815.320
MinimumVisualStudioVersion = 10.0.40219.1
Project("{FAE04EC0-301F-11D3-BF4B-00C04F79EFBC}") = "Assignment_04_Jenkins", "Assignment_04_Jenkins\Assignment_04_Jenkins.csproj", "{6E71B1AB-91DD-4414-A57E-CF5289B66662}"
EndProject
Global
	GlobalSection(SolutionConfigurationPlatforms) = preSolution
		Debug|Any CPU = Debug|Any CPU
		Release|Any CPU = Release|Any CPU
	EndGlobalSection
	GlobalSection(ProjectConfigurationPlatforms) = postSolution
		{6E71B1AB-91DD-4414-A57E-CF5289B66662}.Debug|Any CPU.ActiveCfg = Debug|Any CPU
		{6E71B1AB-91DD-4414-A57E-CF5289B66662}.Debug|Any CPU.Build.0 = Debug|Any CPU
		{6E71B1AB-91DD-4414-A57E-CF5289B66662}.Release|Any CPU.ActiveCfg = Release|Any CPU
		{6E71B1AB-91DD-4414-A57E-CF5289B66662}.Release|Any CPU.Build.0 = Release|Any CPU
	EndGlobalSection
	GlobalSection(SolutionProperties) = preSolution
		HideSolutionNode = FALSE
	EndGlobalSection
	GlobalSection(ExtensibilityGlobals) = postSolution
		SolutionGuid = {7D12F66F-B251-4C36-A0FE-93E11316A35B}
	EndGlobalSection
EndGlobal
